
Microsoft Visual Studio Solution File, Format Version 12.00
# Visual Studio Version 17
VisualStudioVersion = 17.2.32526.322
MinimumVisualStudioVersion = 10.0.40219.1
Project("{2150E333-8FDC-42A3-9474-1A3956D46DE8}") = "1.Apresentation", "1.Apresentation", "{6A9E9D62-D005-4FAD-95BC-77C0D29B151C}"
EndProject
Project("{2150E333-8FDC-42A3-9474-1A3956D46DE8}") = "2.Application", "2.Application", "{E52C3F34-7C32-474D-840F-FCDA3431FE08}"
EndProject
Project("{2150E333-8FDC-42A3-9474-1A3956D46DE8}") = "3.Domain", "3.Domain", "{4654A02F-8AEB-4066-AAD8-CE7A895A7CE0}"
EndProject
Project("{2150E333-8FDC-42A3-9474-1A3956D46DE8}") = "4.Infrastructure", "4.Infrastructure", "{288F30C6-9CA3-4A1F-A6CC-4C8C94801E58}"
EndProject
Project("{2150E333-8FDC-42A3-9474-1A3956D46DE8}") = "5.DataBase", "5.DataBase", "{1C55ED9E-96C5-4B38-A95A-26FD88E58253}"
EndProject
Project("{2150E333-8FDC-42A3-9474-1A3956D46DE8}") = "6.Test", "6.Test", "{A549E454-1A3E-4F89-A4D7-7D757BA267AA}"
EndProject
Project("{9A19103F-16F7-4668-BE54-9A1E7A4F7556}") = "MoviesRental.Domain", "MoviesRental.Domain\MoviesRental.Domain.csproj", "{ACBE2BD3-F281-4C3E-ADB8-726CCE5E6D17}"
EndProject
Project("{9A19103F-16F7-4668-BE54-9A1E7A4F7556}") = "MoviesRental.DataBase", "MoviesRental.DataBase\MoviesRental.DataBase.csproj", "{3E94194C-59BF-4021-A170-1BFB18E3939D}"
EndProject
Project("{9A19103F-16F7-4668-BE54-9A1E7A4F7556}") = "MovieRental.Application", "MovieRental.Application\MovieRental.Application.csproj", "{DAA4432E-0340-4B22-90A5-F53ED077F649}"
EndProject
Project("{9A19103F-16F7-4668-BE54-9A1E7A4F7556}") = "MoviesRental.WindowsApp", "MoviesRental.WindowsApp\MoviesRental.WindowsApp.csproj", "{6E7FD4D7-1193-4E5E-A5A1-30CABA845F6A}"
EndProject
Project("{2150E333-8FDC-42A3-9474-1A3956D46DE8}") = "DAO", "DAO", "{E269466C-6023-47FF-ACA4-D401A9AB9C2C}"
EndProject
Project("{9A19103F-16F7-4668-BE54-9A1E7A4F7556}") = "MoviesRental.Infra.SQL", "MoviesRental.Infra.SQL\MoviesRental.Infra.SQL.csproj", "{F9CDB7F5-D3E6-4653-B346-2E41FAA48A81}"
EndProject
Project("{9A19103F-16F7-4668-BE54-9A1E7A4F7556}") = "MoviesRental.Infra.ORM", "MoviesRental.Infra.ORM\MoviesRental.Infra.ORM.csproj", "{6205DC47-281C-4082-B1CB-5E29B3C0EC32}"
EndProject
Project("{FAE04EC0-301F-11D3-BF4B-00C04F79EFBC}") = "MoviesRental.DataBuilderTest", "MoviesRental.DataBuilderTest\MoviesRental.DataBuilderTest.csproj", "{439E37E2-5302-4B57-9913-EFE14AB661A9}"
EndProject
Project("{FAE04EC0-301F-11D3-BF4B-00C04F79EFBC}") = "MoviesRental.ORMTest", "MoviesRental.ORMTest\MoviesRental.ORMTest.csproj", "{FD07E723-BD02-4FB0-8093-13731569AD61}"
EndProject
Global
	GlobalSection(SolutionConfigurationPlatforms) = preSolution
		Debug|Any CPU = Debug|Any CPU
		Release|Any CPU = Release|Any CPU
	EndGlobalSection
	GlobalSection(ProjectConfigurationPlatforms) = postSolution
		{ACBE2BD3-F281-4C3E-ADB8-726CCE5E6D17}.Debug|Any CPU.ActiveCfg = Debug|Any CPU
		{ACBE2BD3-F281-4C3E-ADB8-726CCE5E6D17}.Debug|Any CPU.Build.0 = Debug|Any CPU
		{ACBE2BD3-F281-4C3E-ADB8-726CCE5E6D17}.Release|Any CPU.ActiveCfg = Release|Any CPU
		{ACBE2BD3-F281-4C3E-ADB8-726CCE5E6D17}.Release|Any CPU.Build.0 = Release|Any CPU
		{3E94194C-59BF-4021-A170-1BFB18E3939D}.Debug|Any CPU.ActiveCfg = Debug|Any CPU
		{3E94194C-59BF-4021-A170-1BFB18E3939D}.Debug|Any CPU.Build.0 = Debug|Any CPU
		{3E94194C-59BF-4021-A170-1BFB18E3939D}.Release|Any CPU.ActiveCfg = Release|Any CPU
		{3E94194C-59BF-4021-A170-1BFB18E3939D}.Release|Any CPU.Build.0 = Release|Any CPU
		{DAA4432E-0340-4B22-90A5-F53ED077F649}.Debug|Any CPU.ActiveCfg = Debug|Any CPU
		{DAA4432E-0340-4B22-90A5-F53ED077F649}.Debug|Any CPU.Build.0 = Debug|Any CPU
		{DAA4432E-0340-4B22-90A5-F53ED077F649}.Release|Any CPU.ActiveCfg = Release|Any CPU
		{DAA4432E-0340-4B22-90A5-F53ED077F649}.Release|Any CPU.Build.0 = Release|Any CPU
		{6E7FD4D7-1193-4E5E-A5A1-30CABA845F6A}.Debug|Any CPU.ActiveCfg = Debug|Any CPU
		{6E7FD4D7-1193-4E5E-A5A1-30CABA845F6A}.Debug|Any CPU.Build.0 = Debug|Any CPU
		{6E7FD4D7-1193-4E5E-A5A1-30CABA845F6A}.Release|Any CPU.ActiveCfg = Release|Any CPU
		{6E7FD4D7-1193-4E5E-A5A1-30CABA845F6A}.Release|Any CPU.Build.0 = Release|Any CPU
		{F9CDB7F5-D3E6-4653-B346-2E41FAA48A81}.Debug|Any CPU.ActiveCfg = Debug|Any CPU
		{F9CDB7F5-D3E6-4653-B346-2E41FAA48A81}.Debug|Any CPU.Build.0 = Debug|Any CPU
		{F9CDB7F5-D3E6-4653-B346-2E41FAA48A81}.Release|Any CPU.ActiveCfg = Release|Any CPU
		{F9CDB7F5-D3E6-4653-B346-2E41FAA48A81}.Release|Any CPU.Build.0 = Release|Any CPU
		{6205DC47-281C-4082-B1CB-5E29B3C0EC32}.Debug|Any CPU.ActiveCfg = Debug|Any CPU
		{6205DC47-281C-4082-B1CB-5E29B3C0EC32}.Debug|Any CPU.Build.0 = Debug|Any CPU
		{6205DC47-281C-4082-B1CB-5E29B3C0EC32}.Release|Any CPU.ActiveCfg = Release|Any CPU
		{6205DC47-281C-4082-B1CB-5E29B3C0EC32}.Release|Any CPU.Build.0 = Release|Any CPU
		{439E37E2-5302-4B57-9913-EFE14AB661A9}.Debug|Any CPU.ActiveCfg = Debug|Any CPU
		{439E37E2-5302-4B57-9913-EFE14AB661A9}.Debug|Any CPU.Build.0 = Debug|Any CPU
		{439E37E2-5302-4B57-9913-EFE14AB661A9}.Release|Any CPU.ActiveCfg = Release|Any CPU
		{439E37E2-5302-4B57-9913-EFE14AB661A9}.Release|Any CPU.Build.0 = Release|Any CPU
		{FD07E723-BD02-4FB0-8093-13731569AD61}.Debug|Any CPU.ActiveCfg = Debug|Any CPU
		{FD07E723-BD02-4FB0-8093-13731569AD61}.Debug|Any CPU.Build.0 = Debug|Any CPU
		{FD07E723-BD02-4FB0-8093-13731569AD61}.Release|Any CPU.ActiveCfg = Release|Any CPU
		{FD07E723-BD02-4FB0-8093-13731569AD61}.Release|Any CPU.Build.0 = Release|Any CPU
	EndGlobalSection
	GlobalSection(SolutionProperties) = preSolution
		HideSolutionNode = FALSE
	EndGlobalSection
	GlobalSection(NestedProjects) = preSolution
		{ACBE2BD3-F281-4C3E-ADB8-726CCE5E6D17} = {4654A02F-8AEB-4066-AAD8-CE7A895A7CE0}
		{3E94194C-59BF-4021-A170-1BFB18E3939D} = {1C55ED9E-96C5-4B38-A95A-26FD88E58253}
		{DAA4432E-0340-4B22-90A5-F53ED077F649} = {E52C3F34-7C32-474D-840F-FCDA3431FE08}
		{6E7FD4D7-1193-4E5E-A5A1-30CABA845F6A} = {6A9E9D62-D005-4FAD-95BC-77C0D29B151C}
		{E269466C-6023-47FF-ACA4-D401A9AB9C2C} = {288F30C6-9CA3-4A1F-A6CC-4C8C94801E58}
		{F9CDB7F5-D3E6-4653-B346-2E41FAA48A81} = {E269466C-6023-47FF-ACA4-D401A9AB9C2C}
		{6205DC47-281C-4082-B1CB-5E29B3C0EC32} = {E269466C-6023-47FF-ACA4-D401A9AB9C2C}
		{439E37E2-5302-4B57-9913-EFE14AB661A9} = {A549E454-1A3E-4F89-A4D7-7D757BA267AA}
		{FD07E723-BD02-4FB0-8093-13731569AD61} = {A549E454-1A3E-4F89-A4D7-7D757BA267AA}
	EndGlobalSection
	GlobalSection(ExtensibilityGlobals) = postSolution
		SolutionGuid = {5C033C60-765F-4CEC-A92B-E86E899DCAD4}
	EndGlobalSection
EndGlobal
